
Microsoft Visual Studio Solution File, Format Version 12.00
# Visual Studio 15
VisualStudioVersion = 15.0.27428.1
MinimumVisualStudioVersion = 10.0.40219.1
Project("{FAE04EC0-301F-11D3-BF4B-00C04F79EFBC}") = "WcfCallbackService", "WcfCallbackService\WcfCallbackService.csproj", "{59418433-2016-4B39-8D7D-A7DF62B6B160}"
EndProject
Project("{FAE04EC0-301F-11D3-BF4B-00C04F79EFBC}") = "CallbackHost", "CallbackHost\CallbackHost.csproj", "{53C2B392-08E6-43FF-B3D2-D04E16C8C46E}"
EndProject
Project("{FAE04EC0-301F-11D3-BF4B-00C04F79EFBC}") = "WindowsWcfCallbackClient", "WindowsWcfCallbackClient\WindowsWcfCallbackClient.csproj", "{6CCF2B47-156E-4D81-812D-CC31973F1181}"
EndProject
Global
	GlobalSection(SolutionConfigurationPlatforms) = preSolution
		Debug|Any CPU = Debug|Any CPU
		Release|Any CPU = Release|Any CPU
	EndGlobalSection
	GlobalSection(ProjectConfigurationPlatforms) = postSolution
		{59418433-2016-4B39-8D7D-A7DF62B6B160}.Debug|Any CPU.ActiveCfg = Debug|Any CPU
		{59418433-2016-4B39-8D7D-A7DF62B6B160}.Debug|Any CPU.Build.0 = Debug|Any CPU
		{59418433-2016-4B39-8D7D-A7DF62B6B160}.Release|Any CPU.ActiveCfg = Release|Any CPU
		{59418433-2016-4B39-8D7D-A7DF62B6B160}.Release|Any CPU.Build.0 = Release|Any CPU
		{53C2B392-08E6-43FF-B3D2-D04E16C8C46E}.Debug|Any CPU.ActiveCfg = Debug|Any CPU
		{53C2B392-08E6-43FF-B3D2-D04E16C8C46E}.Debug|Any CPU.Build.0 = Debug|Any CPU
		{53C2B392-08E6-43FF-B3D2-D04E16C8C46E}.Release|Any CPU.ActiveCfg = Release|Any CPU
		{53C2B392-08E6-43FF-B3D2-D04E16C8C46E}.Release|Any CPU.Build.0 = Release|Any CPU
		{6CCF2B47-156E-4D81-812D-CC31973F1181}.Debug|Any CPU.ActiveCfg = Debug|Any CPU
		{6CCF2B47-156E-4D81-812D-CC31973F1181}.Debug|Any CPU.Build.0 = Debug|Any CPU
		{6CCF2B47-156E-4D81-812D-CC31973F1181}.Release|Any CPU.ActiveCfg = Release|Any CPU
		{6CCF2B47-156E-4D81-812D-CC31973F1181}.Release|Any CPU.Build.0 = Release|Any CPU
	EndGlobalSection
	GlobalSection(SolutionProperties) = preSolution
		HideSolutionNode = FALSE
	EndGlobalSection
	GlobalSection(ExtensibilityGlobals) = postSolution
		SolutionGuid = {7A25E218-5A66-465B-AC0C-E49F0C888247}
	EndGlobalSection
EndGlobal
